
Microsoft Visual Studio Solution File, Format Version 12.00
# Visual Studio Version 17
VisualStudioVersion = 17.14.36310.24 d17.14
MinimumVisualStudioVersion = 10.0.40219.1
Project("{FAE04EC0-301F-11D3-BF4B-00C04F79EFBC}") = "MyPortfolio", "\MyPortfolio.csproj", "{4694BC87-E722-489C-814B-BE15A43C3394}"
EndProject
Global
	GlobalSection(SolutionConfigurationPlatforms) = preSolution
		Debug|Any CPU = Debug|Any CPU
		Release|Any CPU = Release|Any CPU
	EndGlobalSection
	GlobalSection(ProjectConfigurationPlatforms) = postSolution
		{4694BC87-E722-489C-814B-BE15A43C3394}.Debug|Any CPU.ActiveCfg = Debug|Any CPU
		{4694BC87-E722-489C-814B-BE15A43C3394}.Debug|Any CPU.Build.0 = Debug|Any CPU
		{4694BC87-E722-489C-814B-BE15A43C3394}.Release|Any CPU.ActiveCfg = Release|Any CPU
		{4694BC87-E722-489C-814B-BE15A43C3394}.Release|Any CPU.Build.0 = Release|Any CPU
	EndGlobalSection
	GlobalSection(SolutionProperties) = preSolution
		HideSolutionNode = FALSE
	EndGlobalSection
	GlobalSection(ExtensibilityGlobals) = postSolution
		SolutionGuid = {DB6EA759-30D5-4518-8F96-896BD38B49E1}
	EndGlobalSection
EndGlobal
